
Microsoft Visual Studio Solution File, Format Version 12.00
# Visual Studio Version 16
VisualStudioVersion = 16.0.28729.10
MinimumVisualStudioVersion = 10.0.40219.1
Project("{9A19103F-16F7-4668-BE54-9A1E7A4F7556}") = "Capitech.Client.Tests", "tests\Capitech.Client.Tests\Capitech.Client.Tests.csproj", "{2CDF1CB0-6C1A-42DF-8E77-65FC76FD8023}"
EndProject
Project("{9A19103F-16F7-4668-BE54-9A1E7A4F7556}") = "Capitech.Client", "src\Capitech.Client\Capitech.Client.csproj", "{862AAF42-805A-4765-9A53-A9407B7421D8}"
EndProject
Project("{2150E333-8FDC-42A3-9474-1A3956D46DE8}") = "src", "src", "{B0A9A0B8-4807-4701-97A8-EE737301844F}"
EndProject
Project("{2150E333-8FDC-42A3-9474-1A3956D46DE8}") = "tests", "tests", "{E234F73E-CC0A-4CF1-BEA9-3206DA26A6FF}"
EndProject
Project("{2150E333-8FDC-42A3-9474-1A3956D46DE8}") = "Solution Items", "Solution Items", "{3725A515-576E-44FC-90BC-9CA767D961A6}"
	ProjectSection(SolutionItems) = preProject
		LICENSE = LICENSE
		README.md = README.md
	EndProjectSection
EndProject
Global
	GlobalSection(SolutionConfigurationPlatforms) = preSolution
		Debug|Any CPU = Debug|Any CPU
		Release|Any CPU = Release|Any CPU
	EndGlobalSection
	GlobalSection(ProjectConfigurationPlatforms) = postSolution
		{2CDF1CB0-6C1A-42DF-8E77-65FC76FD8023}.Debug|Any CPU.ActiveCfg = Debug|Any CPU
		{2CDF1CB0-6C1A-42DF-8E77-65FC76FD8023}.Debug|Any CPU.Build.0 = Debug|Any CPU
		{2CDF1CB0-6C1A-42DF-8E77-65FC76FD8023}.Release|Any CPU.ActiveCfg = Release|Any CPU
		{2CDF1CB0-6C1A-42DF-8E77-65FC76FD8023}.Release|Any CPU.Build.0 = Release|Any CPU
		{862AAF42-805A-4765-9A53-A9407B7421D8}.Debug|Any CPU.ActiveCfg = Debug|Any CPU
		{862AAF42-805A-4765-9A53-A9407B7421D8}.Debug|Any CPU.Build.0 = Debug|Any CPU
		{862AAF42-805A-4765-9A53-A9407B7421D8}.Release|Any CPU.ActiveCfg = Release|Any CPU
		{862AAF42-805A-4765-9A53-A9407B7421D8}.Release|Any CPU.Build.0 = Release|Any CPU
	EndGlobalSection
	GlobalSection(SolutionProperties) = preSolution
		HideSolutionNode = FALSE
	EndGlobalSection
	GlobalSection(NestedProjects) = preSolution
		{2CDF1CB0-6C1A-42DF-8E77-65FC76FD8023} = {E234F73E-CC0A-4CF1-BEA9-3206DA26A6FF}
		{862AAF42-805A-4765-9A53-A9407B7421D8} = {B0A9A0B8-4807-4701-97A8-EE737301844F}
	EndGlobalSection
	GlobalSection(ExtensibilityGlobals) = postSolution
		SolutionGuid = {2F88C953-294C-4DEC-86E1-BC5540CBA000}
	EndGlobalSection
EndGlobal
